<?xml version="1.0" encoding="utf-8"?>
<Project ToolsVersion="4.0" xmlns="http://schemas.microsoft.com/developer/msbuild/2003">
  <ItemGroup>
    <Filter Include="源文件">
      <UniqueIdentifier>{4FC737F1-C7A5-4376-A066-2A32D752A2FF}</UniqueIdentifier>
      <Extensions>cpp;c;cc;cxx;c++;cppm;ixx;def;odl;idl;hpj;bat;asm;asmx</Extensions>
    </Filter>
    <Filter Include="头文件">
      <UniqueIdentifier>{93995380-89BD-4b04-88EB-625FBE52EBFB}</UniqueIdentifier>
      <Extensions>h;hh;hpp;hxx;h++;hm;inl;inc;ipp;xsd</Extensions>
    </Filter>
    <Filter Include="资源文件">
      <UniqueIdentifier>{67DA6AB6-F800-4c08-8B7A-83BB121AAD01}</UniqueIdentifier>
      <Extensions>rc;ico;cur;bmp;dlg;rc2;rct;bin;rgs;gif;jpg;jpeg;jpe;resx;tiff;tif;png;wav;mfcribbon-ms</Extensions>
    </Filter>
  </ItemGroup>
  <ItemGroup>
    <ClCompile Include="include\MinPack\chkder.c">
      <Filter>源文件</Filter>
    </ClCompile>
    <ClCompile Include="include\MinPack\covar.c">
      <Filter>源文件</Filter>
    </ClCompile>
    <ClCompile Include="include\MinPack\covar1.c">
      <Filter>源文件</Filter>
    </ClCompile>
    <ClCompile Include="include\MinPack\dogleg.c">
      <Filter>源文件</Filter>
    </ClCompile>
    <ClCompile Include="include\MinPack\dpmpar.c">
      <Filter>源文件</Filter>
    </ClCompile>
    <ClCompile Include="include\MinPack\enorm.c">
      <Filter>源文件</Filter>
    </ClCompile>
    <ClCompile Include="include\MinPack\fdjac1.c">
      <Filter>源文件</Filter>
    </ClCompile>
    <ClCompile Include="include\MinPack\fdjac2.c">
      <Filter>源文件</Filter>
    </ClCompile>
    <ClCompile Include="include\MinPack\hybrd.c">
      <Filter>源文件</Filter>
    </ClCompile>
    <ClCompile Include="include\MinPack\hybrd1.c">
      <Filter>源文件</Filter>
    </ClCompile>
    <ClCompile Include="include\MinPack\hybrj.c">
      <Filter>源文件</Filter>
    </ClCompile>
    <ClCompile Include="include\MinPack\hybrj1.c">
      <Filter>源文件</Filter>
    </ClCompile>
    <ClCompile Include="include\MinPack\lmder.c">
      <Filter>源文件</Filter>
    </ClCompile>
    <ClCompile Include="include\MinPack\lmder1.c">
      <Filter>源文件</Filter>
    </ClCompile>
    <ClCompile Include="include\MinPack\lmdif.c">
      <Filter>源文件</Filter>
    </ClCompile>
    <ClCompile Include="include\MinPack\lmdif1.c">
      <Filter>源文件</Filter>
    </ClCompile>
    <ClCompile Include="include\MinPack\lmpar.c">
      <Filter>源文件</Filter>
    </ClCompile>
    <ClCompile Include="include\MinPack\lmstr.c">
      <Filter>源文件</Filter>
    </ClCompile>
    <ClCompile Include="include\MinPack\lmstr1.c">
      <Filter>源文件</Filter>
    </ClCompile>
    <ClCompile Include="include\MinPack\MinpackSolver.cpp">
      <Filter>源文件</Filter>
    </ClCompile>
    <ClCompile Include="include\MinPack\qform.c">
      <Filter>源文件</Filter>
    </ClCompile>
    <ClCompile Include="include\MinPack\qrfac.c">
      <Filter>源文件</Filter>
    </ClCompile>
    <ClCompile Include="include\MinPack\qrsolv.c">
      <Filter>源文件</Filter>
    </ClCompile>
    <ClCompile Include="include\MinPack\r1mpyq.c">
      <Filter>源文件</Filter>
    </ClCompile>
    <ClCompile Include="include\MinPack\r1updt.c">
      <Filter>源文件</Filter>
    </ClCompile>
    <ClCompile Include="include\MinPack\rwupdt.c">
      <Filter>源文件</Filter>
    </ClCompile>
    <ClCompile Include="include\orbit_base\OrbitFun.cpp">
      <Filter>源文件</Filter>
    </ClCompile>
    <ClCompile Include="include\orbit_base\OrbitMath.cpp">
      <Filter>源文件</Filter>
    </ClCompile>
    <ClCompile Include="src\main.cpp">
      <Filter>源文件</Filter>
    </ClCompile>
    <ClCompile Include="src\problem_struct.cpp">
      <Filter>源文件</Filter>
    </ClCompile>
    <ClCompile Include="src\single_impluse.cpp">
      <Filter>源文件</Filter>
    </ClCompile>
    <ClCompile Include="src\ODE45.cpp">
      <Filter>源文件</Filter>
    </ClCompile>
    <ClCompile Include="src\MyVector.cpp">
      <Filter>源文件</Filter>
    </ClCompile>
    <ClCompile Include="src\Mat3D.cpp">
      <Filter>源文件</Filter>
    </ClCompile>
    <ClCompile Include="include\orbit_base\Integrator.cpp">
      <Filter>源文件</Filter>
    </ClCompile>
    <ClCompile Include="include\orbit_base\RungeKutta.cpp">
      <Filter>源文件</Filter>
    </ClCompile>
    <ClCompile Include="src\cubic.cpp">
      <Filter>源文件</Filter>
    </ClCompile>
    <ClCompile Include="src\J2propagation.cpp">
      <Filter>源文件</Filter>
    </ClCompile>
    <ClCompile Include="src\max_reseetime.cpp">
      <Filter>源文件</Filter>
    </ClCompile>
    <ClCompile Include="src\visibility_4_targets.cpp">
      <Filter>源文件</Filter>
    </ClCompile>
    <ClCompile Include="include\optimization\PSO_DE_NLOPT.cpp">
      <Filter>源文件</Filter>
    </ClCompile>
    <ClCompile Include="include\optimization\random_threads.cpp">
      <Filter>源文件</Filter>
    </ClCompile>
    <ClCompile Include="src\multitree_beam.cpp">
      <Filter>源文件</Filter>
    </ClCompile>
    <ClCompile Include="src\J2Lambert.cpp">
      <Filter>源文件</Filter>
    </ClCompile>
    <ClCompile Include="src\Lambert.cpp">
      <Filter>源文件</Filter>
    </ClCompile>
  </ItemGroup>
  <ItemGroup>
    <ClInclude Include="include\MinPack\cminpack.h">
      <Filter>头文件</Filter>
    </ClInclude>
    <ClInclude Include="include\MinPack\cminpackP.h">
      <Filter>头文件</Filter>
    </ClInclude>
    <ClInclude Include="include\MinPack\MinpackSolver.h">
      <Filter>头文件</Filter>
    </ClInclude>
    <ClInclude Include="include\orbit_base\OrbitFun.h">
      <Filter>头文件</Filter>
    </ClInclude>
    <ClInclude Include="include\orbit_base\OrbitMath.h">
      <Filter>头文件</Filter>
    </ClInclude>
    <ClInclude Include="include\Constant.h">
      <Filter>头文件</Filter>
    </ClInclude>
    <ClInclude Include="include\problem_struct.h">
      <Filter>头文件</Filter>
    </ClInclude>
    <ClInclude Include="include\single_impluse.h">
      <Filter>头文件</Filter>
    </ClInclude>
    <ClInclude Include="include\ODE45.h">
      <Filter>头文件</Filter>
    </ClInclude>
    <ClInclude Include="include\MyVector.h">
      <Filter>头文件</Filter>
    </ClInclude>
    <ClInclude Include="include\Mat3D.h">
      <Filter>头文件</Filter>
    </ClInclude>
    <ClInclude Include="include\orbit_base\Integrator.h">
      <Filter>头文件</Filter>
    </ClInclude>
    <ClInclude Include="include\orbit_base\RungeKutta.h">
      <Filter>头文件</Filter>
    </ClInclude>
    <ClInclude Include="include\J2propagation.h">
      <Filter>头文件</Filter>
    </ClInclude>
    <ClInclude Include="include\max_reseetime.h">
      <Filter>头文件</Filter>
    </ClInclude>
    <ClInclude Include="include\visibility_4_targets.h">
      <Filter>头文件</Filter>
    </ClInclude>
    <ClInclude Include="include\optimization\nlopt.h">
      <Filter>头文件</Filter>
    </ClInclude>
    <ClInclude Include="include\optimization\nlopt.hpp">
      <Filter>头文件</Filter>
    </ClInclude>
    <ClInclude Include="include\optimization\PSO_DE_NLOPT.h">
      <Filter>头文件</Filter>
    </ClInclude>
    <ClInclude Include="include\optimization\random_threads.h">
      <Filter>头文件</Filter>
    </ClInclude>
    <ClInclude Include="include\multitree_beam.h">
      <Filter>头文件</Filter>
    </ClInclude>
    <ClInclude Include="include\Lambert.h">
      <Filter>头文件</Filter>
    </ClInclude>
    <ClInclude Include="include\J2Lambert.h">
      <Filter>头文件</Filter>
    </ClInclude>
  </ItemGroup>
</Project>